
Microsoft Visual Studio Solution File, Format Version 12.00
# Visual Studio Version 17
VisualStudioVersion = 17.13.35919.96 d17.13
MinimumVisualStudioVersion = 10.0.40219.1
Project("{FAE04EC0-301F-11D3-BF4B-00C04F79EFBC}") = "CarsMongo", "CarsMongo.csproj", "{C67C4ECA-17A4-47A2-B6A0-6FF5163F8842}"
EndProject
Global
	GlobalSection(SolutionConfigurationPlatforms) = preSolution
		Debug|Any CPU = Debug|Any CPU
		Release|Any CPU = Release|Any CPU
	EndGlobalSection
	GlobalSection(ProjectConfigurationPlatforms) = postSolution
		{C67C4ECA-17A4-47A2-B6A0-6FF5163F8842}.Debug|Any CPU.ActiveCfg = Debug|Any CPU
		{C67C4ECA-17A4-47A2-B6A0-6FF5163F8842}.Debug|Any CPU.Build.0 = Debug|Any CPU
		{C67C4ECA-17A4-47A2-B6A0-6FF5163F8842}.Release|Any CPU.ActiveCfg = Release|Any CPU
		{C67C4ECA-17A4-47A2-B6A0-6FF5163F8842}.Release|Any CPU.Build.0 = Release|Any CPU
	EndGlobalSection
	GlobalSection(SolutionProperties) = preSolution
		HideSolutionNode = FALSE
	EndGlobalSection
	GlobalSection(ExtensibilityGlobals) = postSolution
		SolutionGuid = {9B04C9E9-0C57-44ED-81D1-E3CE50DB478F}
	EndGlobalSection
EndGlobal
